// !$*UTF8*$!
{
	archiveVersion = 1;
	classes = {
	};
	objectVersion = 46;
	objects = {

/* Begin PBXBuildFile section */
		BC2902E01BCA60FF00905E14 /* SandSimulator.cpp in Sources */ = {isa = PBXBuildFile; fileRef = BC2902DE1BCA60FF00905E14 /* SandSimulator.cpp */; settings = {ASSET_TAGS = (); }; };
		BC2902E71BCE6FD000905E14 /* ConeRestriction.cpp in Sources */ = {isa = PBXBuildFile; fileRef = BC2902E11BCE6FD000905E14 /* ConeRestriction.cpp */; settings = {ASSET_TAGS = (); }; };
		BC2902E81BCE6FD000905E14 /* Restriction.cpp in Sources */ = {isa = PBXBuildFile; fileRef = BC2902E31BCE6FD000905E14 /* Restriction.cpp */; settings = {ASSET_TAGS = (); }; };
		BC2902E91BCE6FD000905E14 /* SandParticle.cpp in Sources */ = {isa = PBXBuildFile; fileRef = BC2902E51BCE6FD000905E14 /* SandParticle.cpp */; settings = {ASSET_TAGS = (); }; };
		BC2902EC1BCFDA9300905E14 /* Camera.cpp in Sources */ = {isa = PBXBuildFile; fileRef = BC2902EA1BCFDA9300905E14 /* Camera.cpp */; settings = {ASSET_TAGS = (); }; };
		BC5991A01BC17B8600336A88 /* MyApp.cpp in Sources */ = {isa = PBXBuildFile; fileRef = BC59919E1BC17B8600336A88 /* MyApp.cpp */; settings = {ASSET_TAGS = (); }; };
		BC5991A61BC7483E00336A88 /* Math.cpp in Sources */ = {isa = PBXBuildFile; fileRef = BC5991A21BC7483E00336A88 /* Math.cpp */; settings = {ASSET_TAGS = (); }; };
		BCDAC7761BADA55F00F05156 /* AppDelegate.m in Sources */ = {isa = PBXBuildFile; fileRef = BCDAC7751BADA55F00F05156 /* AppDelegate.m */; };
		BCDAC77F1BADA55F00F05156 /* Main.storyboard in Resources */ = {isa = PBXBuildFile; fileRef = BCDAC77D1BADA55F00F05156 /* Main.storyboard */; };
		BCDAC7811BADA55F00F05156 /* Assets.xcassets in Resources */ = {isa = PBXBuildFile; fileRef = BCDAC7801BADA55F00F05156 /* Assets.xcassets */; };
		BCDAC7841BADA55F00F05156 /* LaunchScreen.storyboard in Resources */ = {isa = PBXBuildFile; fileRef = BCDAC7821BADA55F00F05156 /* LaunchScreen.storyboard */; };
		BCDAC78F1BADA56000F05156 /* AppFrameTests.m in Sources */ = {isa = PBXBuildFile; fileRef = BCDAC78E1BADA56000F05156 /* AppFrameTests.m */; };
		BCDAC79A1BADA56000F05156 /* AppFrameUITests.m in Sources */ = {isa = PBXBuildFile; fileRef = BCDAC7991BADA56000F05156 /* AppFrameUITests.m */; };
		BCDAC7AA1BADA5B900F05156 /* MetalKit.framework in Frameworks */ = {isa = PBXBuildFile; fileRef = BCDAC7A91BADA5B900F05156 /* MetalKit.framework */; };
		BCE33B1D1BAEA8920058338C /* App.cpp in Sources */ = {isa = PBXBuildFile; fileRef = BCE33B1B1BAEA8920058338C /* App.cpp */; settings = {ASSET_TAGS = (); }; };
		BCE33B211BAEA94A0058338C /* ReturnCode.cpp in Sources */ = {isa = PBXBuildFile; fileRef = BCE33B1F1BAEA94A0058338C /* ReturnCode.cpp */; settings = {ASSET_TAGS = (); }; };
		BCE33B261BAEADFD0058338C /* NewTest.storyboard in Resources */ = {isa = PBXBuildFile; fileRef = BCE33B251BAEADFD0058338C /* NewTest.storyboard */; settings = {ASSET_TAGS = (); }; };
		BCE33B271BAEB5930058338C /* Shaders.metal in Sources */ = {isa = PBXBuildFile; fileRef = BCDAC77A1BADA55F00F05156 /* Shaders.metal */; settings = {ASSET_TAGS = (); }; };
		BCE33B281BAEB5960058338C /* GameViewController.m in Sources */ = {isa = PBXBuildFile; fileRef = BCDAC7781BADA55F00F05156 /* GameViewController.m */; settings = {ASSET_TAGS = (); }; };
		BCE33BE61BB922780058338C /* Thread.cpp in Sources */ = {isa = PBXBuildFile; fileRef = BCE33BE41BB922780058338C /* Thread.cpp */; settings = {ASSET_TAGS = (); }; };
		BCE33BF21BB93D6E0058338C /* MainLoopThread.cpp in Sources */ = {isa = PBXBuildFile; fileRef = BCE33BF01BB93D6E0058338C /* MainLoopThread.cpp */; settings = {ASSET_TAGS = (); }; };
		BCE33BF71BB9407E0058338C /* MainLoop_Bridge.cpp in Sources */ = {isa = PBXBuildFile; fileRef = BCE33BF51BB9407E0058338C /* MainLoop_Bridge.cpp */; settings = {ASSET_TAGS = (); }; };
		BCE33BF81BB941280058338C /* main.m in Sources */ = {isa = PBXBuildFile; fileRef = BCDAC7721BADA55F00F05156 /* main.m */; settings = {ASSET_TAGS = (); }; };
		BCE33BFC1BBA6E740058338C /* Particle.cpp in Sources */ = {isa = PBXBuildFile; fileRef = BCE33BFA1BBA6E740058338C /* Particle.cpp */; settings = {ASSET_TAGS = (); }; };
		BCE33C071BBA7BAE0058338C /* Mesh.cpp in Sources */ = {isa = PBXBuildFile; fileRef = BCE33C051BBA7BAE0058338C /* Mesh.cpp */; settings = {ASSET_TAGS = (); }; };
		BCE33C0A1BBA7C980058338C /* Graphics_Bridge.cpp in Sources */ = {isa = PBXBuildFile; fileRef = BCE33C081BBA7C980058338C /* Graphics_Bridge.cpp */; settings = {ASSET_TAGS = (); }; };
		BCE33C0D1BBA87630058338C /* SceneManager.cpp in Sources */ = {isa = PBXBuildFile; fileRef = BCE33C0B1BBA87630058338C /* SceneManager.cpp */; settings = {ASSET_TAGS = (); }; };
		BCE33C101BBA88610058338C /* SceneObject.cpp in Sources */ = {isa = PBXBuildFile; fileRef = BCE33C0E1BBA88610058338C /* SceneObject.cpp */; settings = {ASSET_TAGS = (); }; };
		BCE33C131BBA91FB0058338C /* Context.cpp in Sources */ = {isa = PBXBuildFile; fileRef = BCE33C111BBA91FB0058338C /* Context.cpp */; settings = {ASSET_TAGS = (); }; };
		BCE33C161BBAAFA20058338C /* Mutex.cpp in Sources */ = {isa = PBXBuildFile; fileRef = BCE33C141BBAAFA20058338C /* Mutex.cpp */; settings = {ASSET_TAGS = (); }; };
/* End PBXBuildFile section */

/* Begin PBXContainerItemProxy section */
		BCDAC78B1BADA56000F05156 /* PBXContainerItemProxy */ = {
			isa = PBXContainerItemProxy;
			containerPortal = BCDAC7661BADA55F00F05156 /* Project object */;
			proxyType = 1;
			remoteGlobalIDString = BCDAC76D1BADA55F00F05156;
			remoteInfo = AppFrame;
		};
		BCDAC7961BADA56000F05156 /* PBXContainerItemProxy */ = {
			isa = PBXContainerItemProxy;
			containerPortal = BCDAC7661BADA55F00F05156 /* Project object */;
			proxyType = 1;
			remoteGlobalIDString = BCDAC76D1BADA55F00F05156;
			remoteInfo = AppFrame;
		};
/* End PBXContainerItemProxy section */

/* Begin PBXFileReference section */
		BC2902DE1BCA60FF00905E14 /* SandSimulator.cpp */ = {isa = PBXFileReference; fileEncoding = 4; lastKnownFileType = sourcecode.cpp.cpp; path = SandSimulator.cpp; sourceTree = "<group>"; };
		BC2902DF1BCA60FF00905E14 /* Sandsimulator.hpp */ = {isa = PBXFileReference; fileEncoding = 4; lastKnownFileType = sourcecode.cpp.h; path = Sandsimulator.hpp; sourceTree = "<group>"; };
		BC2902E11BCE6FD000905E14 /* ConeRestriction.cpp */ = {isa = PBXFileReference; fileEncoding = 4; lastKnownFileType = sourcecode.cpp.cpp; path = ConeRestriction.cpp; sourceTree = "<group>"; };
		BC2902E21BCE6FD000905E14 /* ConeRestriction.hpp */ = {isa = PBXFileReference; fileEncoding = 4; lastKnownFileType = sourcecode.cpp.h; path = ConeRestriction.hpp; sourceTree = "<group>"; };
		BC2902E31BCE6FD000905E14 /* Restriction.cpp */ = {isa = PBXFileReference; fileEncoding = 4; lastKnownFileType = sourcecode.cpp.cpp; path = Restriction.cpp; sourceTree = "<group>"; };
		BC2902E41BCE6FD000905E14 /* Restriction.hpp */ = {isa = PBXFileReference; fileEncoding = 4; lastKnownFileType = sourcecode.cpp.h; path = Restriction.hpp; sourceTree = "<group>"; };
		BC2902E51BCE6FD000905E14 /* SandParticle.cpp */ = {isa = PBXFileReference; fileEncoding = 4; lastKnownFileType = sourcecode.cpp.cpp; path = SandParticle.cpp; sourceTree = "<group>"; };
		BC2902E61BCE6FD000905E14 /* SandParticle.hpp */ = {isa = PBXFileReference; fileEncoding = 4; lastKnownFileType = sourcecode.cpp.h; path = SandParticle.hpp; sourceTree = "<group>"; };
		BC2902EA1BCFDA9300905E14 /* Camera.cpp */ = {isa = PBXFileReference; fileEncoding = 4; lastKnownFileType = sourcecode.cpp.cpp; path = Camera.cpp; sourceTree = "<group>"; };
		BC2902EB1BCFDA9300905E14 /* Camera.h */ = {isa = PBXFileReference; fileEncoding = 4; lastKnownFileType = sourcecode.c.h; path = Camera.h; sourceTree = "<group>"; };
		BC59919E1BC17B8600336A88 /* MyApp.cpp */ = {isa = PBXFileReference; fileEncoding = 4; lastKnownFileType = sourcecode.cpp.cpp; path = MyApp.cpp; sourceTree = "<group>"; };
		BC59919F1BC17B8600336A88 /* MyApp.hpp */ = {isa = PBXFileReference; fileEncoding = 4; lastKnownFileType = sourcecode.cpp.h; path = MyApp.hpp; sourceTree = "<group>"; };
		BC5991A11BC17FE200336A88 /* SharedDataType.h */ = {isa = PBXFileReference; lastKnownFileType = sourcecode.c.h; path = SharedDataType.h; sourceTree = "<group>"; };
		BC5991A21BC7483E00336A88 /* Math.cpp */ = {isa = PBXFileReference; fileEncoding = 4; lastKnownFileType = sourcecode.cpp.cpp; path = Math.cpp; sourceTree = "<group>"; };
		BC5991A31BC7483E00336A88 /* Math.h */ = {isa = PBXFileReference; fileEncoding = 4; lastKnownFileType = sourcecode.c.h; path = Math.h; sourceTree = "<group>"; };
		BC5991A41BC7483E00336A88 /* Math.hpp */ = {isa = PBXFileReference; fileEncoding = 4; lastKnownFileType = sourcecode.cpp.h; path = Math.hpp; sourceTree = "<group>"; };
		BC5991A51BC7483E00336A88 /* Matrix.h */ = {isa = PBXFileReference; fileEncoding = 4; lastKnownFileType = sourcecode.c.h; path = Matrix.h; sourceTree = "<group>"; };
		BCDAC76E1BADA55F00F05156 /* AppFrame.app */ = {isa = PBXFileReference; explicitFileType = wrapper.application; includeInIndex = 0; path = AppFrame.app; sourceTree = BUILT_PRODUCTS_DIR; };
		BCDAC7721BADA55F00F05156 /* main.m */ = {isa = PBXFileReference; lastKnownFileType = sourcecode.c.objc; path = main.m; sourceTree = "<group>"; };
		BCDAC7741BADA55F00F05156 /* AppDelegate.h */ = {isa = PBXFileReference; lastKnownFileType = sourcecode.c.h; path = AppDelegate.h; sourceTree = "<group>"; };
		BCDAC7751BADA55F00F05156 /* AppDelegate.m */ = {isa = PBXFileReference; lastKnownFileType = sourcecode.c.objc; path = AppDelegate.m; sourceTree = "<group>"; };
		BCDAC7771BADA55F00F05156 /* GameViewController.h */ = {isa = PBXFileReference; lastKnownFileType = sourcecode.c.h; path = GameViewController.h; sourceTree = "<group>"; };
		BCDAC7781BADA55F00F05156 /* GameViewController.m */ = {isa = PBXFileReference; lastKnownFileType = sourcecode.c.objc; path = GameViewController.m; sourceTree = "<group>"; };
		BCDAC77A1BADA55F00F05156 /* Shaders.metal */ = {isa = PBXFileReference; lastKnownFileType = sourcecode.metal; path = Shaders.metal; sourceTree = "<group>"; };
		BCDAC77C1BADA55F00F05156 /* SharedStructures.h */ = {isa = PBXFileReference; lastKnownFileType = sourcecode.c.h; path = SharedStructures.h; sourceTree = "<group>"; };
		BCDAC77E1BADA55F00F05156 /* Base */ = {isa = PBXFileReference; lastKnownFileType = file.storyboard; name = Base; path = Base.lproj/Main.storyboard; sourceTree = "<group>"; };
		BCDAC7801BADA55F00F05156 /* Assets.xcassets */ = {isa = PBXFileReference; lastKnownFileType = folder.assetcatalog; path = Assets.xcassets; sourceTree = "<group>"; };
		BCDAC7831BADA55F00F05156 /* Base */ = {isa = PBXFileReference; lastKnownFileType = file.storyboard; name = Base; path = Base.lproj/LaunchScreen.storyboard; sourceTree = "<group>"; };
		BCDAC7851BADA55F00F05156 /* Info.plist */ = {isa = PBXFileReference; lastKnownFileType = text.plist.xml; path = Info.plist; sourceTree = "<group>"; };
		BCDAC78A1BADA56000F05156 /* AppFrameTests.xctest */ = {isa = PBXFileReference; explicitFileType = wrapper.cfbundle; includeInIndex = 0; path = AppFrameTests.xctest; sourceTree = BUILT_PRODUCTS_DIR; };
		BCDAC78E1BADA56000F05156 /* AppFrameTests.m */ = {isa = PBXFileReference; lastKnownFileType = sourcecode.c.objc; path = AppFrameTests.m; sourceTree = "<group>"; };
		BCDAC7901BADA56000F05156 /* Info.plist */ = {isa = PBXFileReference; lastKnownFileType = text.plist.xml; path = Info.plist; sourceTree = "<group>"; };
		BCDAC7951BADA56000F05156 /* AppFrameUITests.xctest */ = {isa = PBXFileReference; explicitFileType = wrapper.cfbundle; includeInIndex = 0; path = AppFrameUITests.xctest; sourceTree = BUILT_PRODUCTS_DIR; };
		BCDAC7991BADA56000F05156 /* AppFrameUITests.m */ = {isa = PBXFileReference; lastKnownFileType = sourcecode.c.objc; path = AppFrameUITests.m; sourceTree = "<group>"; };
		BCDAC79B1BADA56000F05156 /* Info.plist */ = {isa = PBXFileReference; lastKnownFileType = text.plist.xml; path = Info.plist; sourceTree = "<group>"; };
		BCDAC7A91BADA5B900F05156 /* MetalKit.framework */ = {isa = PBXFileReference; lastKnownFileType = wrapper.framework; name = MetalKit.framework; path = System/Library/Frameworks/MetalKit.framework; sourceTree = SDKROOT; };
		BCE33B1B1BAEA8920058338C /* App.cpp */ = {isa = PBXFileReference; fileEncoding = 4; lastKnownFileType = sourcecode.cpp.cpp; path = App.cpp; sourceTree = "<group>"; };
		BCE33B1C1BAEA8920058338C /* App.hpp */ = {isa = PBXFileReference; fileEncoding = 4; lastKnownFileType = sourcecode.cpp.h; path = App.hpp; sourceTree = "<group>"; };
		BCE33B1F1BAEA94A0058338C /* ReturnCode.cpp */ = {isa = PBXFileReference; fileEncoding = 4; lastKnownFileType = sourcecode.cpp.cpp; path = ReturnCode.cpp; sourceTree = "<group>"; };
		BCE33B201BAEA94A0058338C /* ReturnCode.hpp */ = {isa = PBXFileReference; fileEncoding = 4; lastKnownFileType = sourcecode.cpp.h; path = ReturnCode.hpp; sourceTree = "<group>"; };
		BCE33B221BAEA99C0058338C /* PreDeclear.h */ = {isa = PBXFileReference; lastKnownFileType = sourcecode.c.h; path = PreDeclear.h; sourceTree = "<group>"; };
		BCE33B251BAEADFD0058338C /* NewTest.storyboard */ = {isa = PBXFileReference; fileEncoding = 4; lastKnownFileType = file.storyboard; path = NewTest.storyboard; sourceTree = "<group>"; };
		BCE33BE41BB922780058338C /* Thread.cpp */ = {isa = PBXFileReference; fileEncoding = 4; lastKnownFileType = sourcecode.cpp.cpp; path = Thread.cpp; sourceTree = "<group>"; };
		BCE33BE51BB922780058338C /* Thread.hpp */ = {isa = PBXFileReference; fileEncoding = 4; lastKnownFileType = sourcecode.cpp.h; path = Thread.hpp; sourceTree = "<group>"; };
		BCE33BF01BB93D6E0058338C /* MainLoopThread.cpp */ = {isa = PBXFileReference; fileEncoding = 4; lastKnownFileType = sourcecode.cpp.cpp; path = MainLoopThread.cpp; sourceTree = "<group>"; };
		BCE33BF11BB93D6E0058338C /* MainLoopThread.hpp */ = {isa = PBXFileReference; fileEncoding = 4; lastKnownFileType = sourcecode.cpp.h; path = MainLoopThread.hpp; sourceTree = "<group>"; };
		BCE33BF31BB93F220058338C /* CoreFoundation.framework */ = {isa = PBXFileReference; lastKnownFileType = wrapper.framework; name = CoreFoundation.framework; path = System/Library/Frameworks/CoreFoundation.framework; sourceTree = SDKROOT; };
		BCE33BF51BB9407E0058338C /* MainLoop_Bridge.cpp */ = {isa = PBXFileReference; explicitFileType = sourcecode.cpp.cpp; fileEncoding = 4; path = MainLoop_Bridge.cpp; sourceTree = "<group>"; };
		BCE33BF61BB9407E0058338C /* MainLoop_Bridge.h */ = {isa = PBXFileReference; explicitFileType = sourcecode.c.h; fileEncoding = 4; path = MainLoop_Bridge.h; sourceTree = "<group>"; };
		BCE33BFA1BBA6E740058338C /* Particle.cpp */ = {isa = PBXFileReference; fileEncoding = 4; lastKnownFileType = sourcecode.cpp.cpp; path = Particle.cpp; sourceTree = "<group>"; };
		BCE33BFB1BBA6E740058338C /* Particle.hpp */ = {isa = PBXFileReference; fileEncoding = 4; lastKnownFileType = sourcecode.cpp.h; path = Particle.hpp; sourceTree = "<group>"; };
		BCE33BFD1BBA6FC20058338C /* Vector.h */ = {isa = PBXFileReference; fileEncoding = 4; lastKnownFileType = sourcecode.c.h; path = Vector.h; sourceTree = "<group>"; };
		BCE33C051BBA7BAE0058338C /* Mesh.cpp */ = {isa = PBXFileReference; fileEncoding = 4; lastKnownFileType = sourcecode.cpp.cpp; path = Mesh.cpp; sourceTree = "<group>"; };
		BCE33C061BBA7BAE0058338C /* Mesh.hpp */ = {isa = PBXFileReference; fileEncoding = 4; lastKnownFileType = sourcecode.cpp.h; path = Mesh.hpp; sourceTree = "<group>"; };
		BCE33C081BBA7C980058338C /* Graphics_Bridge.cpp */ = {isa = PBXFileReference; fileEncoding = 4; lastKnownFileType = sourcecode.cpp.cpp; path = Graphics_Bridge.cpp; sourceTree = "<group>"; };
		BCE33C091BBA7C980058338C /* Graphics_Bridge.hpp */ = {isa = PBXFileReference; fileEncoding = 4; lastKnownFileType = sourcecode.cpp.h; path = Graphics_Bridge.hpp; sourceTree = "<group>"; };
		BCE33C0B1BBA87630058338C /* SceneManager.cpp */ = {isa = PBXFileReference; fileEncoding = 4; lastKnownFileType = sourcecode.cpp.cpp; path = SceneManager.cpp; sourceTree = "<group>"; };
		BCE33C0C1BBA87630058338C /* SceneManager.h */ = {isa = PBXFileReference; fileEncoding = 4; lastKnownFileType = sourcecode.c.h; path = SceneManager.h; sourceTree = "<group>"; };
		BCE33C0E1BBA88610058338C /* SceneObject.cpp */ = {isa = PBXFileReference; fileEncoding = 4; lastKnownFileType = sourcecode.cpp.cpp; path = SceneObject.cpp; sourceTree = "<group>"; };
		BCE33C0F1BBA88610058338C /* SceneObject.h */ = {isa = PBXFileReference; fileEncoding = 4; lastKnownFileType = sourcecode.c.h; path = SceneObject.h; sourceTree = "<group>"; };
		BCE33C111BBA91FB0058338C /* Context.cpp */ = {isa = PBXFileReference; fileEncoding = 4; lastKnownFileType = sourcecode.cpp.cpp; path = Context.cpp; sourceTree = "<group>"; };
		BCE33C121BBA91FB0058338C /* Context.hpp */ = {isa = PBXFileReference; fileEncoding = 4; lastKnownFileType = sourcecode.cpp.h; path = Context.hpp; sourceTree = "<group>"; };
		BCE33C141BBAAFA20058338C /* Mutex.cpp */ = {isa = PBXFileReference; fileEncoding = 4; lastKnownFileType = sourcecode.cpp.cpp; path = Mutex.cpp; sourceTree = "<group>"; };
		BCE33C151BBAAFA20058338C /* Mutex.hpp */ = {isa = PBXFileReference; fileEncoding = 4; lastKnownFileType = sourcecode.cpp.h; path = Mutex.hpp; sourceTree = "<group>"; };
/* End PBXFileReference section */

/* Begin PBXFrameworksBuildPhase section */
		BCDAC76B1BADA55F00F05156 /* Frameworks */ = {
			isa = PBXFrameworksBuildPhase;
			buildActionMask = 2147483647;
			files = (
				BCDAC7AA1BADA5B900F05156 /* MetalKit.framework in Frameworks */,
			);
			runOnlyForDeploymentPostprocessing = 0;
		};
		BCDAC7871BADA56000F05156 /* Frameworks */ = {
			isa = PBXFrameworksBuildPhase;
			buildActionMask = 2147483647;
			files = (
			);
			runOnlyForDeploymentPostprocessing = 0;
		};
		BCDAC7921BADA56000F05156 /* Frameworks */ = {
			isa = PBXFrameworksBuildPhase;
			buildActionMask = 2147483647;
			files = (
			);
			runOnlyForDeploymentPostprocessing = 0;
		};
/* End PBXFrameworksBuildPhase section */

/* Begin PBXGroup section */
		BCDAC7651BADA55F00F05156 = {
			isa = PBXGroup;
			children = (
				BCE33BF31BB93F220058338C /* CoreFoundation.framework */,
				BCDAC7A91BADA5B900F05156 /* MetalKit.framework */,
				BCDAC7701BADA55F00F05156 /* AppFrame */,
				BCDAC78D1BADA56000F05156 /* AppFrameTests */,
				BCDAC7981BADA56000F05156 /* AppFrameUITests */,
				BCDAC76F1BADA55F00F05156 /* Products */,
			);
			sourceTree = "<group>";
		};
		BCDAC76F1BADA55F00F05156 /* Products */ = {
			isa = PBXGroup;
			children = (
				BCDAC76E1BADA55F00F05156 /* AppFrame.app */,
				BCDAC78A1BADA56000F05156 /* AppFrameTests.xctest */,
				BCDAC7951BADA56000F05156 /* AppFrameUITests.xctest */,
			);
			name = Products;
			sourceTree = "<group>";
		};
		BCDAC7701BADA55F00F05156 /* AppFrame */ = {
			isa = PBXGroup;
			children = (
				BCE33C111BBA91FB0058338C /* Context.cpp */,
				BCE33C121BBA91FB0058338C /* Context.hpp */,
				BCE33BFE1BBA74F20058338C /* Graphics */,
				BCE33BF91BBA6E330058338C /* Particle */,
				BCE33BE31BB922550058338C /* Thread */,
				BCE33B1E1BAEA9190058338C /* Common */,
				BCE33B1A1BAEA8650058338C /* App */,
				BCDAC7741BADA55F00F05156 /* AppDelegate.h */,
				BCDAC7751BADA55F00F05156 /* AppDelegate.m */,
				BCDAC7771BADA55F00F05156 /* GameViewController.h */,
				BCDAC7781BADA55F00F05156 /* GameViewController.m */,
				BCDAC77A1BADA55F00F05156 /* Shaders.metal */,
				BCDAC77C1BADA55F00F05156 /* SharedStructures.h */,
				BCE33B251BAEADFD0058338C /* NewTest.storyboard */,
				BCDAC77D1BADA55F00F05156 /* Main.storyboard */,
				BCDAC7801BADA55F00F05156 /* Assets.xcassets */,
				BCDAC7821BADA55F00F05156 /* LaunchScreen.storyboard */,
				BCDAC7851BADA55F00F05156 /* Info.plist */,
				BCDAC7711BADA55F00F05156 /* Supporting Files */,
			);
			path = AppFrame;
			sourceTree = "<group>";
		};
		BCDAC7711BADA55F00F05156 /* Supporting Files */ = {
			isa = PBXGroup;
			children = (
				BCDAC7721BADA55F00F05156 /* main.m */,
			);
			name = "Supporting Files";
			sourceTree = "<group>";
		};
		BCDAC78D1BADA56000F05156 /* AppFrameTests */ = {
			isa = PBXGroup;
			children = (
				BCDAC78E1BADA56000F05156 /* AppFrameTests.m */,
				BCDAC7901BADA56000F05156 /* Info.plist */,
			);
			path = AppFrameTests;
			sourceTree = "<group>";
		};
		BCDAC7981BADA56000F05156 /* AppFrameUITests */ = {
			isa = PBXGroup;
			children = (
				BCDAC7991BADA56000F05156 /* AppFrameUITests.m */,
				BCDAC79B1BADA56000F05156 /* Info.plist */,
			);
			path = AppFrameUITests;
			sourceTree = "<group>";
		};
		BCE33B1A1BAEA8650058338C /* App */ = {
			isa = PBXGroup;
			children = (
				BC2902E11BCE6FD000905E14 /* ConeRestriction.cpp */,
				BC2902E21BCE6FD000905E14 /* ConeRestriction.hpp */,
				BC2902E31BCE6FD000905E14 /* Restriction.cpp */,
				BC2902E41BCE6FD000905E14 /* Restriction.hpp */,
				BC2902E51BCE6FD000905E14 /* SandParticle.cpp */,
				BC2902E61BCE6FD000905E14 /* SandParticle.hpp */,
				BC2902DE1BCA60FF00905E14 /* SandSimulator.cpp */,
				BC2902DF1BCA60FF00905E14 /* Sandsimulator.hpp */,
				BC59919E1BC17B8600336A88 /* MyApp.cpp */,
				BC59919F1BC17B8600336A88 /* MyApp.hpp */,
				BCE33B1B1BAEA8920058338C /* App.cpp */,
				BCE33B1C1BAEA8920058338C /* App.hpp */,
			);
			name = App;
			sourceTree = "<group>";
		};
		BCE33B1E1BAEA9190058338C /* Common */ = {
			isa = PBXGroup;
			children = (
				BC5991A21BC7483E00336A88 /* Math.cpp */,
				BC5991A31BC7483E00336A88 /* Math.h */,
				BC5991A41BC7483E00336A88 /* Math.hpp */,
				BC5991A51BC7483E00336A88 /* Matrix.h */,
				BC5991A11BC17FE200336A88 /* SharedDataType.h */,
				BCE33BFD1BBA6FC20058338C /* Vector.h */,
				BCE33B221BAEA99C0058338C /* PreDeclear.h */,
				BCE33B1F1BAEA94A0058338C /* ReturnCode.cpp */,
				BCE33B201BAEA94A0058338C /* ReturnCode.hpp */,
			);
			name = Common;
			sourceTree = "<group>";
		};
		BCE33BE31BB922550058338C /* Thread */ = {
			isa = PBXGroup;
			children = (
				BCE33C141BBAAFA20058338C /* Mutex.cpp */,
				BCE33C151BBAAFA20058338C /* Mutex.hpp */,
				BCE33BF51BB9407E0058338C /* MainLoop_Bridge.cpp */,
				BCE33BF61BB9407E0058338C /* MainLoop_Bridge.h */,
				BCE33BF01BB93D6E0058338C /* MainLoopThread.cpp */,
				BCE33BF11BB93D6E0058338C /* MainLoopThread.hpp */,
				BCE33BE41BB922780058338C /* Thread.cpp */,
				BCE33BE51BB922780058338C /* Thread.hpp */,
			);
			name = Thread;
			sourceTree = "<group>";
		};
		BCE33BF91BBA6E330058338C /* Particle */ = {
			isa = PBXGroup;
			children = (
				BCE33BFA1BBA6E740058338C /* Particle.cpp */,
				BCE33BFB1BBA6E740058338C /* Particle.hpp */,
			);
			name = Particle;
			sourceTree = "<group>";
		};
		BCE33BFE1BBA74F20058338C /* Graphics */ = {
			isa = PBXGroup;
			children = (
				BC2902EA1BCFDA9300905E14 /* Camera.cpp */,
				BC2902EB1BCFDA9300905E14 /* Camera.h */,
				BCE33C0E1BBA88610058338C /* SceneObject.cpp */,
				BCE33C0F1BBA88610058338C /* SceneObject.h */,
				BCE33C0B1BBA87630058338C /* SceneManager.cpp */,
				BCE33C0C1BBA87630058338C /* SceneManager.h */,
				BCE33C081BBA7C980058338C /* Graphics_Bridge.cpp */,
				BCE33C091BBA7C980058338C /* Graphics_Bridge.hpp */,
				BCE33C051BBA7BAE0058338C /* Mesh.cpp */,
				BCE33C061BBA7BAE0058338C /* Mesh.hpp */,
			);
			name = Graphics;
			sourceTree = "<group>";
		};
/* End PBXGroup section */

/* Begin PBXNativeTarget section */
		BCDAC76D1BADA55F00F05156 /* AppFrame */ = {
			isa = PBXNativeTarget;
			buildConfigurationList = BCDAC79E1BADA56000F05156 /* Build configuration list for PBXNativeTarget "AppFrame" */;
			buildPhases = (
				BCDAC76A1BADA55F00F05156 /* Sources */,
				BCDAC76B1BADA55F00F05156 /* Frameworks */,
				BCDAC76C1BADA55F00F05156 /* Resources */,
			);
			buildRules = (
			);
			dependencies = (
			);
			name = AppFrame;
			productName = AppFrame;
			productReference = BCDAC76E1BADA55F00F05156 /* AppFrame.app */;
			productType = "com.apple.product-type.application";
		};
		BCDAC7891BADA56000F05156 /* AppFrameTests */ = {
			isa = PBXNativeTarget;
			buildConfigurationList = BCDAC7A11BADA56000F05156 /* Build configuration list for PBXNativeTarget "AppFrameTests" */;
			buildPhases = (
				BCDAC7861BADA56000F05156 /* Sources */,
				BCDAC7871BADA56000F05156 /* Frameworks */,
				BCDAC7881BADA56000F05156 /* Resources */,
			);
			buildRules = (
			);
			dependencies = (
				BCDAC78C1BADA56000F05156 /* PBXTargetDependency */,
			);
			name = AppFrameTests;
			productName = AppFrameTests;
			productReference = BCDAC78A1BADA56000F05156 /* AppFrameTests.xctest */;
			productType = "com.apple.product-type.bundle.unit-test";
		};
		BCDAC7941BADA56000F05156 /* AppFrameUITests */ = {
			isa = PBXNativeTarget;
			buildConfigurationList = BCDAC7A41BADA56000F05156 /* Build configuration list for PBXNativeTarget "AppFrameUITests" */;
			buildPhases = (
				BCDAC7911BADA56000F05156 /* Sources */,
				BCDAC7921BADA56000F05156 /* Frameworks */,
				BCDAC7931BADA56000F05156 /* Resources */,
			);
			buildRules = (
			);
			dependencies = (
				BCDAC7971BADA56000F05156 /* PBXTargetDependency */,
			);
			name = AppFrameUITests;
			productName = AppFrameUITests;
			productReference = BCDAC7951BADA56000F05156 /* AppFrameUITests.xctest */;
			productType = "com.apple.product-type.bundle.ui-testing";
		};
/* End PBXNativeTarget section */

/* Begin PBXProject section */
		BCDAC7661BADA55F00F05156 /* Project object */ = {
			isa = PBXProject;
			attributes = {
				LastUpgradeCheck = 0700;
				ORGANIZATIONNAME = "Yuan Li";
				TargetAttributes = {
					BCDAC76D1BADA55F00F05156 = {
						CreatedOnToolsVersion = 7.0;
						DevelopmentTeam = KH98AQQ5YQ;
					};
					BCDAC7891BADA56000F05156 = {
						CreatedOnToolsVersion = 7.0;
						TestTargetID = BCDAC76D1BADA55F00F05156;
					};
					BCDAC7941BADA56000F05156 = {
						CreatedOnToolsVersion = 7.0;
						TestTargetID = BCDAC76D1BADA55F00F05156;
					};
				};
			};
			buildConfigurationList = BCDAC7691BADA55F00F05156 /* Build configuration list for PBXProject "AppFrame" */;
			compatibilityVersion = "Xcode 3.2";
			developmentRegion = English;
			hasScannedForEncodings = 0;
			knownRegions = (
				en,
				Base,
			);
			mainGroup = BCDAC7651BADA55F00F05156;
			productRefGroup = BCDAC76F1BADA55F00F05156 /* Products */;
			projectDirPath = "";
			projectRoot = "";
			targets = (
				BCDAC76D1BADA55F00F05156 /* AppFrame */,
				BCDAC7891BADA56000F05156 /* AppFrameTests */,
				BCDAC7941BADA56000F05156 /* AppFrameUITests */,
			);
		};
/* End PBXProject section */

/* Begin PBXResourcesBuildPhase section */
		BCDAC76C1BADA55F00F05156 /* Resources */ = {
			isa = PBXResourcesBuildPhase;
			buildActionMask = 2147483647;
			files = (
				BCDAC7841BADA55F00F05156 /* LaunchScreen.storyboard in Resources */,
				BCDAC7811BADA55F00F05156 /* Assets.xcassets in Resources */,
				BCDAC77F1BADA55F00F05156 /* Main.storyboard in Resources */,
				BCE33B261BAEADFD0058338C /* NewTest.storyboard in Resources */,
			);
			runOnlyForDeploymentPostprocessing = 0;
		};
		BCDAC7881BADA56000F05156 /* Resources */ = {
			isa = PBXResourcesBuildPhase;
			buildActionMask = 2147483647;
			files = (
			);
			runOnlyForDeploymentPostprocessing = 0;
		};
		BCDAC7931BADA56000F05156 /* Resources */ = {
			isa = PBXResourcesBuildPhase;
			buildActionMask = 2147483647;
			files = (
			);
			runOnlyForDeploymentPostprocessing = 0;
		};
/* End PBXResourcesBuildPhase section */

/* Begin PBXSourcesBuildPhase section */
		BCDAC76A1BADA55F00F05156 /* Sources */ = {
			isa = PBXSourcesBuildPhase;
			buildActionMask = 2147483647;
			files = (
				BCDAC7761BADA55F00F05156 /* AppDelegate.m in Sources */,
				BCE33BFC1BBA6E740058338C /* Particle.cpp in Sources */,
				BCE33B211BAEA94A0058338C /* ReturnCode.cpp in Sources */,
				BC2902E91BCE6FD000905E14 /* SandParticle.cpp in Sources */,
				BC2902E01BCA60FF00905E14 /* SandSimulator.cpp in Sources */,
				BCE33C131BBA91FB0058338C /* Context.cpp in Sources */,
				BC5991A01BC17B8600336A88 /* MyApp.cpp in Sources */,
				BC2902EC1BCFDA9300905E14 /* Camera.cpp in Sources */,
				BCE33BE61BB922780058338C /* Thread.cpp in Sources */,
				BCE33B1D1BAEA8920058338C /* App.cpp in Sources */,
				BCE33B281BAEB5960058338C /* GameViewController.m in Sources */,
				BC2902E81BCE6FD000905E14 /* Restriction.cpp in Sources */,
				BCE33C071BBA7BAE0058338C /* Mesh.cpp in Sources */,
				BC5991A61BC7483E00336A88 /* Math.cpp in Sources */,
				BCE33B271BAEB5930058338C /* Shaders.metal in Sources */,
				BCE33BF21BB93D6E0058338C /* MainLoopThread.cpp in Sources */,
				BCE33C0A1BBA7C980058338C /* Graphics_Bridge.cpp in Sources */,
				BCE33BF81BB941280058338C /* main.m in Sources */,
				BCE33C0D1BBA87630058338C /* SceneManager.cpp in Sources */,
				BCE33C161BBAAFA20058338C /* Mutex.cpp in Sources */,
				BCE33BF71BB9407E0058338C /* MainLoop_Bridge.cpp in Sources */,
				BCE33C101BBA88610058338C /* SceneObject.cpp in Sources */,
				BC2902E71BCE6FD000905E14 /* ConeRestriction.cpp in Sources */,
			);
			runOnlyForDeploymentPostprocessing = 0;
		};
		BCDAC7861BADA56000F05156 /* Sources */ = {
			isa = PBXSourcesBuildPhase;
			buildActionMask = 2147483647;
			files = (
				BCDAC78F1BADA56000F05156 /* AppFrameTests.m in Sources */,
			);
			runOnlyForDeploymentPostprocessing = 0;
		};
		BCDAC7911BADA56000F05156 /* Sources */ = {
			isa = PBXSourcesBuildPhase;
			buildActionMask = 2147483647;
			files = (
				BCDAC79A1BADA56000F05156 /* AppFrameUITests.m in Sources */,
			);
			runOnlyForDeploymentPostprocessing = 0;
		};
/* End PBXSourcesBuildPhase section */

/* Begin PBXTargetDependency section */
		BCDAC78C1BADA56000F05156 /* PBXTargetDependency */ = {
			isa = PBXTargetDependency;
			target = BCDAC76D1BADA55F00F05156 /* AppFrame */;
			targetProxy = BCDAC78B1BADA56000F05156 /* PBXContainerItemProxy */;
		};
		BCDAC7971BADA56000F05156 /* PBXTargetDependency */ = {
			isa = PBXTargetDependency;
			target = BCDAC76D1BADA55F00F05156 /* AppFrame */;
			targetProxy = BCDAC7961BADA56000F05156 /* PBXContainerItemProxy */;
		};
/* End PBXTargetDependency section */

/* Begin PBXVariantGroup section */
		BCDAC77D1BADA55F00F05156 /* Main.storyboard */ = {
			isa = PBXVariantGroup;
			children = (
				BCDAC77E1BADA55F00F05156 /* Base */,
			);
			name = Main.storyboard;
			sourceTree = "<group>";
		};
		BCDAC7821BADA55F00F05156 /* LaunchScreen.storyboard */ = {
			isa = PBXVariantGroup;
			children = (
				BCDAC7831BADA55F00F05156 /* Base */,
			);
			name = LaunchScreen.storyboard;
			sourceTree = "<group>";
		};
/* End PBXVariantGroup section */

/* Begin XCBuildConfiguration section */
		BCDAC79C1BADA56000F05156 /* Debug */ = {
			isa = XCBuildConfiguration;
			buildSettings = {
				ALWAYS_SEARCH_USER_PATHS = NO;
				CLANG_CXX_LANGUAGE_STANDARD = "gnu++0x";
				CLANG_CXX_LIBRARY = "libc++";
				CLANG_ENABLE_MODULES = YES;
				CLANG_ENABLE_OBJC_ARC = YES;
				CLANG_WARN_BOOL_CONVERSION = YES;
				CLANG_WARN_CONSTANT_CONVERSION = YES;
				CLANG_WARN_DIRECT_OBJC_ISA_USAGE = YES_ERROR;
				CLANG_WARN_EMPTY_BODY = YES;
				CLANG_WARN_ENUM_CONVERSION = YES;
				CLANG_WARN_INT_CONVERSION = YES;
				CLANG_WARN_OBJC_ROOT_CLASS = YES_ERROR;
				CLANG_WARN_UNREACHABLE_CODE = YES;
				CLANG_WARN__DUPLICATE_METHOD_MATCH = YES;
				"CODE_SIGN_IDENTITY[sdk=iphoneos*]" = "iPhone Developer";
				COPY_PHASE_STRIP = NO;
				DEBUG_INFORMATION_FORMAT = "dwarf-with-dsym";
				ENABLE_STRICT_OBJC_MSGSEND = YES;
				ENABLE_TESTABILITY = YES;
				GCC_C_LANGUAGE_STANDARD = gnu99;
				GCC_DYNAMIC_NO_PIC = NO;
				GCC_NO_COMMON_BLOCKS = YES;
				GCC_OPTIMIZATION_LEVEL = 0;
				GCC_PREPROCESSOR_DEFINITIONS = (
					"DEBUG=1",
					"$(inherited)",
				);
				GCC_WARN_64_TO_32_BIT_CONVERSION = YES;
				GCC_WARN_ABOUT_RETURN_TYPE = YES_ERROR;
				GCC_WARN_UNDECLARED_SELECTOR = YES;
				GCC_WARN_UNINITIALIZED_AUTOS = YES_AGGRESSIVE;
				GCC_WARN_UNUSED_FUNCTION = YES;
				GCC_WARN_UNUSED_VARIABLE = YES;
				IPHONEOS_DEPLOYMENT_TARGET = 9.0;
				MTL_ENABLE_DEBUG_INFO = YES;
				ONLY_ACTIVE_ARCH = YES;
				SDKROOT = iphoneos;
				TARGETED_DEVICE_FAMILY = "1,2";
			};
			name = Debug;
		};
		BCDAC79D1BADA56000F05156 /* Release */ = {
			isa = XCBuildConfiguration;
			buildSettings = {
				ALWAYS_SEARCH_USER_PATHS = NO;
				CLANG_CXX_LANGUAGE_STANDARD = "gnu++0x";
				CLANG_CXX_LIBRARY = "libc++";
				CLANG_ENABLE_MODULES = YES;
				CLANG_ENABLE_OBJC_ARC = YES;
				CLANG_WARN_BOOL_CONVERSION = YES;
				CLANG_WARN_CONSTANT_CONVERSION = YES;
				CLANG_WARN_DIRECT_OBJC_ISA_USAGE = YES_ERROR;
				CLANG_WARN_EMPTY_BODY = YES;
				CLANG_WARN_ENUM_CONVERSION = YES;
				CLANG_WARN_INT_CONVERSION = YES;
				CLANG_WARN_OBJC_ROOT_CLASS = YES_ERROR;
				CLANG_WARN_UNREACHABLE_CODE = YES;
				CLANG_WARN__DUPLICATE_METHOD_MATCH = YES;
				"CODE_SIGN_IDENTITY[sdk=iphoneos*]" = "iPhone Developer";
				COPY_PHASE_STRIP = NO;
				DEBUG_INFORMATION_FORMAT = "dwarf-with-dsym";
				ENABLE_NS_ASSERTIONS = NO;
				ENABLE_STRICT_OBJC_MSGSEND = YES;
				GCC_C_LANGUAGE_STANDARD = gnu99;
				GCC_NO_COMMON_BLOCKS = YES;
				GCC_WARN_64_TO_32_BIT_CONVERSION = YES;
				GCC_WARN_ABOUT_RETURN_TYPE = YES_ERROR;
				GCC_WARN_UNDECLARED_SELECTOR = YES;
				GCC_WARN_UNINITIALIZED_AUTOS = YES_AGGRESSIVE;
				GCC_WARN_UNUSED_FUNCTION = YES;
				GCC_WARN_UNUSED_VARIABLE = YES;
				IPHONEOS_DEPLOYMENT_TARGET = 9.0;
				MTL_ENABLE_DEBUG_INFO = NO;
				SDKROOT = iphoneos;
				TARGETED_DEVICE_FAMILY = "1,2";
				VALIDATE_PRODUCT = YES;
			};
			name = Release;
		};
		BCDAC79F1BADA56000F05156 /* Debug */ = {
			isa = XCBuildConfiguration;
			buildSettings = {
				ASSETCATALOG_COMPILER_APPICON_NAME = AppIcon;
				CODE_SIGN_IDENTITY = "iPhone Developer";
				"CODE_SIGN_IDENTITY[sdk=iphoneos*]" = "iPhone Developer";
				INFOPLIST_FILE = AppFrame/Info.plist;
				LD_RUNPATH_SEARCH_PATHS = "$(inherited) @executable_path/Frameworks";
				OTHER_LDFLAGS = "-Objc++";
				PRODUCT_BUNDLE_IDENTIFIER = yuanli.AppFrame;
				PRODUCT_NAME = "$(TARGET_NAME)";
				PROVISIONING_PROFILE = "";
			};
			name = Debug;
		};
		BCDAC7A01BADA56000F05156 /* Release */ = {
			isa = XCBuildConfiguration;
			buildSettings = {
				ASSETCATALOG_COMPILER_APPICON_NAME = AppIcon;
				CODE_SIGN_IDENTITY = "iPhone Developer";
				"CODE_SIGN_IDENTITY[sdk=iphoneos*]" = "iPhone Developer";
				INFOPLIST_FILE = AppFrame/Info.plist;
				LD_RUNPATH_SEARCH_PATHS = "$(inherited) @executable_path/Frameworks";
				OTHER_LDFLAGS = "-Objc++";
				PRODUCT_BUNDLE_IDENTIFIER = yuanli.AppFrame;
				PRODUCT_NAME = "$(TARGET_NAME)";
				PROVISIONING_PROFILE = "";
			};
			name = Release;
		};
		BCDAC7A21BADA56000F05156 /* Debug */ = {
			isa = XCBuildConfiguration;
			buildSettings = {
				BUNDLE_LOADER = "$(TEST_HOST)";
				DEBUG_INFORMATION_FORMAT = dwarf;
				INFOPLIST_FILE = AppFrameTests/Info.plist;
				LD_RUNPATH_SEARCH_PATHS = "$(inherited) @executable_path/Frameworks @loader_path/Frameworks";
				PRODUCT_BUNDLE_IDENTIFIER = yuanli.AppFrameTests;
				PRODUCT_NAME = "$(TARGET_NAME)";
				TEST_HOST = "$(BUILT_PRODUCTS_DIR)/AppFrame.app/AppFrame";
			};
			name = Debug;
		};
		BCDAC7A31BADA56000F05156 /* Release */ = {
			isa = XCBuildConfiguration;
			buildSettings = {
				BUNDLE_LOADER = "$(TEST_HOST)";
				INFOPLIST_FILE = AppFrameTests/Info.plist;
				LD_RUNPATH_SEARCH_PATHS = "$(inherited) @executable_path/Frameworks @loader_path/Frameworks";
				PRODUCT_BUNDLE_IDENTIFIER = yuanli.AppFrameTests;
				PRODUCT_NAME = "$(TARGET_NAME)";
				TEST_HOST = "$(BUILT_PRODUCTS_DIR)/AppFrame.app/AppFrame";
			};
			name = Release;
		};
		BCDAC7A51BADA56000F05156 /* Debug */ = {
			isa = XCBuildConfiguration;
			buildSettings = {
				DEBUG_INFORMATION_FORMAT = dwarf;
				INFOPLIST_FILE = AppFrameUITests/Info.plist;
				LD_RUNPATH_SEARCH_PATHS = "$(inherited) @executable_path/Frameworks @loader_path/Frameworks";
				PRODUCT_BUNDLE_IDENTIFIER = yuanli.AppFrameUITests;
				PRODUCT_NAME = "$(TARGET_NAME)";
				TEST_TARGET_NAME = AppFrame;
				USES_XCTRUNNER = YES;
			};
			name = Debug;
		};
		BCDAC7A61BADA56000F05156 /* Release */ = {
			isa = XCBuildConfiguration;
			buildSettings = {
				INFOPLIST_FILE = AppFrameUITests/Info.plist;
				LD_RUNPATH_SEARCH_PATHS = "$(inherited) @executable_path/Frameworks @loader_path/Frameworks";
				PRODUCT_BUNDLE_IDENTIFIER = yuanli.AppFrameUITests;
				PRODUCT_NAME = "$(TARGET_NAME)";
				TEST_TARGET_NAME = AppFrame;
				USES_XCTRUNNER = YES;
			};
			name = Release;
		};
/* End XCBuildConfiguration section */

/* Begin XCConfigurationList section */
		BCDAC7691BADA55F00F05156 /* Build configuration list for PBXProject "AppFrame" */ = {
			isa = XCConfigurationList;
			buildConfigurations = (
				BCDAC79C1BADA56000F05156 /* Debug */,
				BCDAC79D1BADA56000F05156 /* Release */,
			);
			defaultConfigurationIsVisible = 0;
			defaultConfigurationName = Release;
		};
		BCDAC79E1BADA56000F05156 /* Build configuration list for PBXNativeTarget "AppFrame" */ = {
			isa = XCConfigurationList;
			buildConfigurations = (
				BCDAC79F1BADA56000F05156 /* Debug */,
				BCDAC7A01BADA56000F05156 /* Release */,
			);
			defaultConfigurationIsVisible = 0;
			defaultConfigurationName = Release;
		};
		BCDAC7A11BADA56000F05156 /* Build configuration list for PBXNativeTarget "AppFrameTests" */ = {
			isa = XCConfigurationList;
			buildConfigurations = (
				BCDAC7A21BADA56000F05156 /* Debug */,
				BCDAC7A31BADA56000F05156 /* Release */,
			);
			defaultConfigurationIsVisible = 0;
			defaultConfigurationName = Release;
		};
		BCDAC7A41BADA56000F05156 /* Build configuration list for PBXNativeTarget "AppFrameUITests" */ = {
			isa = XCConfigurationList;
			buildConfigurations = (
				BCDAC7A51BADA56000F05156 /* Debug */,
				BCDAC7A61BADA56000F05156 /* Release */,
			);
			defaultConfigurationIsVisible = 0;
			defaultConfigurationName = Release;
		};
/* End XCConfigurationList section */
	};
	rootObject = BCDAC7661BADA55F00F05156 /* Project object */;
}
